
Microsoft Visual Studio Solution File, Format Version 12.00
# Visual Studio 15
VisualStudioVersion = 15.0.27428.1
MinimumVisualStudioVersion = 10.0.40219.1
Project("{FAE04EC0-301F-11D3-BF4B-00C04F79EFBC}") = "MTconnect2MQTT", "ConsoleApp1\MTconnect2MQTT.csproj", "{12CC8191-7FEA-4215-8000-C2EBE853A967}"
EndProject
Global
	GlobalSection(SolutionConfigurationPlatforms) = preSolution
		Debug|Any CPU = Debug|Any CPU
		Release|Any CPU = Release|Any CPU
	EndGlobalSection
	GlobalSection(ProjectConfigurationPlatforms) = postSolution
		{12CC8191-7FEA-4215-8000-C2EBE853A967}.Debug|Any CPU.ActiveCfg = Debug|Any CPU
		{12CC8191-7FEA-4215-8000-C2EBE853A967}.Debug|Any CPU.Build.0 = Debug|Any CPU
		{12CC8191-7FEA-4215-8000-C2EBE853A967}.Release|Any CPU.ActiveCfg = Release|Any CPU
		{12CC8191-7FEA-4215-8000-C2EBE853A967}.Release|Any CPU.Build.0 = Release|Any CPU
	EndGlobalSection
	GlobalSection(SolutionProperties) = preSolution
		HideSolutionNode = FALSE
	EndGlobalSection
	GlobalSection(ExtensibilityGlobals) = postSolution
		SolutionGuid = {0EBEF105-5B02-4B9D-B7E6-173964C36E15}
	EndGlobalSection
EndGlobal
